
Microsoft Visual Studio Solution File, Format Version 12.00
# Visual Studio Version 17
VisualStudioVersion = 17.14.36127.28 d17.14
MinimumVisualStudioVersion = 10.0.40219.1
Project("{8BC9CEB8-8B4A-11D0-8D11-00A0C91BC942}") = "00_HelloWorld", "00_HelloWorld.vcxproj", "{18809253-0168-4814-8288-AA5C0AB6E64C}"
EndProject
Global
	GlobalSection(SolutionConfigurationPlatforms) = preSolution
		Debug|x64 = Debug|x64
		Debug|x86 = Debug|x86
		Release|x64 = Release|x64
		Release|x86 = Release|x86
	EndGlobalSection
	GlobalSection(ProjectConfigurationPlatforms) = postSolution
		{18809253-0168-4814-8288-AA5C0AB6E64C}.Debug|x64.ActiveCfg = Debug|x64
		{18809253-0168-4814-8288-AA5C0AB6E64C}.Debug|x64.Build.0 = Debug|x64
		{18809253-0168-4814-8288-AA5C0AB6E64C}.Debug|x86.ActiveCfg = Debug|Win32
		{18809253-0168-4814-8288-AA5C0AB6E64C}.Debug|x86.Build.0 = Debug|Win32
		{18809253-0168-4814-8288-AA5C0AB6E64C}.Release|x64.ActiveCfg = Release|x64
		{18809253-0168-4814-8288-AA5C0AB6E64C}.Release|x64.Build.0 = Release|x64
		{18809253-0168-4814-8288-AA5C0AB6E64C}.Release|x86.ActiveCfg = Release|Win32
		{18809253-0168-4814-8288-AA5C0AB6E64C}.Release|x86.Build.0 = Release|Win32
	EndGlobalSection
	GlobalSection(SolutionProperties) = preSolution
		HideSolutionNode = FALSE
	EndGlobalSection
	GlobalSection(ExtensibilityGlobals) = postSolution
		SolutionGuid = {A1E89C06-8D86-4435-95B6-188D9E65846A}
	EndGlobalSection
EndGlobal
